// !$*UTF8*$!
{
	archiveVersion = 1;
	classes = {
	};
	objectVersion = 56;
	objects = {

/* Begin PBXBuildFile section */
		D18B0F462A4A0CAA008E93F4 /* AppDelegate.swift in Sources */ = {isa = PBXBuildFile; fileRef = D18B0F452A4A0CAA008E93F4 /* AppDelegate.swift */; };
		D18B0F482A4A0CAA008E93F4 /* SceneDelegate.swift in Sources */ = {isa = PBXBuildFile; fileRef = D18B0F472A4A0CAA008E93F4 /* SceneDelegate.swift */; };
		D18B0F4A2A4A0CAA008E93F4 /* FirstView.swift in Sources */ = {isa = PBXBuildFile; fileRef = D18B0F492A4A0CAA008E93F4 /* FirstView.swift */; };
		D18B0F4D2A4A0CAA008E93F4 /* Main.storyboard in Resources */ = {isa = PBXBuildFile; fileRef = D18B0F4B2A4A0CAA008E93F4 /* Main.storyboard */; };
		D18B0F4F2A4A0CB0008E93F4 /* Assets.xcassets in Resources */ = {isa = PBXBuildFile; fileRef = D18B0F4E2A4A0CB0008E93F4 /* Assets.xcassets */; };
		D18B0F522A4A0CB0008E93F4 /* LaunchScreen.storyboard in Resources */ = {isa = PBXBuildFile; fileRef = D18B0F502A4A0CB0008E93F4 /* LaunchScreen.storyboard */; };
		D1CB05452A4B704500415C87 /* ForgottenLoginView.swift in Sources */ = {isa = PBXBuildFile; fileRef = D1CB05442A4B704500415C87 /* ForgottenLoginView.swift */; };
		D1CB05472A4B705F00415C87 /* ResetLoginView.swift in Sources */ = {isa = PBXBuildFile; fileRef = D1CB05462A4B705F00415C87 /* ResetLoginView.swift */; };
		D1CB05492A4B707900415C87 /* ProfileView.swift in Sources */ = {isa = PBXBuildFile; fileRef = D1CB05482A4B707900415C87 /* ProfileView.swift */; };
/* End PBXBuildFile section */

/* Begin PBXFileReference section */
		D18B0F422A4A0CAA008E93F4 /* LoginApp.app */ = {isa = PBXFileReference; explicitFileType = wrapper.application; includeInIndex = 0; path = LoginApp.app; sourceTree = BUILT_PRODUCTS_DIR; };
		D18B0F452A4A0CAA008E93F4 /* AppDelegate.swift */ = {isa = PBXFileReference; lastKnownFileType = sourcecode.swift; path = AppDelegate.swift; sourceTree = "<group>"; };
		D18B0F472A4A0CAA008E93F4 /* SceneDelegate.swift */ = {isa = PBXFileReference; lastKnownFileType = sourcecode.swift; path = SceneDelegate.swift; sourceTree = "<group>"; };
		D18B0F492A4A0CAA008E93F4 /* FirstView.swift */ = {isa = PBXFileReference; lastKnownFileType = sourcecode.swift; path = FirstView.swift; sourceTree = "<group>"; };
		D18B0F4C2A4A0CAA008E93F4 /* Base */ = {isa = PBXFileReference; lastKnownFileType = file.storyboard; name = Base; path = Base.lproj/Main.storyboard; sourceTree = "<group>"; };
		D18B0F4E2A4A0CB0008E93F4 /* Assets.xcassets */ = {isa = PBXFileReference; lastKnownFileType = folder.assetcatalog; path = Assets.xcassets; sourceTree = "<group>"; };
		D18B0F512A4A0CB0008E93F4 /* Base */ = {isa = PBXFileReference; lastKnownFileType = file.storyboard; name = Base; path = Base.lproj/LaunchScreen.storyboard; sourceTree = "<group>"; };
		D18B0F532A4A0CB0008E93F4 /* Info.plist */ = {isa = PBXFileReference; lastKnownFileType = text.plist.xml; path = Info.plist; sourceTree = "<group>"; };
		D1CB05442A4B704500415C87 /* ForgottenLoginView.swift */ = {isa = PBXFileReference; lastKnownFileType = sourcecode.swift; path = ForgottenLoginView.swift; sourceTree = "<group>"; };
		D1CB05462A4B705F00415C87 /* ResetLoginView.swift */ = {isa = PBXFileReference; lastKnownFileType = sourcecode.swift; path = ResetLoginView.swift; sourceTree = "<group>"; };
		D1CB05482A4B707900415C87 /* ProfileView.swift */ = {isa = PBXFileReference; lastKnownFileType = sourcecode.swift; path = ProfileView.swift; sourceTree = "<group>"; };
/* End PBXFileReference section */

/* Begin PBXFrameworksBuildPhase section */
		D18B0F3F2A4A0CAA008E93F4 /* Frameworks */ = {
			isa = PBXFrameworksBuildPhase;
			buildActionMask = 2147483647;
			files = (
			);
			runOnlyForDeploymentPostprocessing = 0;
		};
/* End PBXFrameworksBuildPhase section */

/* Begin PBXGroup section */
		D18B0F392A4A0CAA008E93F4 = {
			isa = PBXGroup;
			children = (
				D18B0F442A4A0CAA008E93F4 /* LoginApp */,
				D18B0F432A4A0CAA008E93F4 /* Products */,
			);
			sourceTree = "<group>";
		};
		D18B0F432A4A0CAA008E93F4 /* Products */ = {
			isa = PBXGroup;
			children = (
				D18B0F422A4A0CAA008E93F4 /* LoginApp.app */,
			);
			name = Products;
			sourceTree = "<group>";
		};
		D18B0F442A4A0CAA008E93F4 /* LoginApp */ = {
			isa = PBXGroup;
			children = (
				D1CB05422A4B6F9F00415C87 /* SupportingFiles */,
				D1CB05432A4B701200415C87 /* Views */,
				D18B0F4E2A4A0CB0008E93F4 /* Assets.xcassets */,
			);
			path = LoginApp;
			sourceTree = "<group>";
		};
		D1CB05422A4B6F9F00415C87 /* SupportingFiles */ = {
			isa = PBXGroup;
			children = (
				D18B0F452A4A0CAA008E93F4 /* AppDelegate.swift */,
				D18B0F472A4A0CAA008E93F4 /* SceneDelegate.swift */,
				D18B0F532A4A0CB0008E93F4 /* Info.plist */,
			);
			path = SupportingFiles;
			sourceTree = "<group>";
		};
		D1CB05432A4B701200415C87 /* Views */ = {
			isa = PBXGroup;
			children = (
				D18B0F492A4A0CAA008E93F4 /* FirstView.swift */,
				D1CB05442A4B704500415C87 /* ForgottenLoginView.swift */,
				D1CB05462A4B705F00415C87 /* ResetLoginView.swift */,
				D1CB05482A4B707900415C87 /* ProfileView.swift */,
				D18B0F4B2A4A0CAA008E93F4 /* Main.storyboard */,
				D18B0F502A4A0CB0008E93F4 /* LaunchScreen.storyboard */,
			);
			path = Views;
			sourceTree = "<group>";
		};
/* End PBXGroup section */

/* Begin PBXNativeTarget section */
		D18B0F412A4A0CAA008E93F4 /* LoginApp */ = {
			isa = PBXNativeTarget;
			buildConfigurationList = D18B0F562A4A0CB0008E93F4 /* Build configuration list for PBXNativeTarget "LoginApp" */;
			buildPhases = (
				D18B0F3E2A4A0CAA008E93F4 /* Sources */,
				D18B0F3F2A4A0CAA008E93F4 /* Frameworks */,
				D18B0F402A4A0CAA008E93F4 /* Resources */,
			);
			buildRules = (
			);
			dependencies = (
			);
			name = LoginApp;
			productName = LoginApp;
			productReference = D18B0F422A4A0CAA008E93F4 /* LoginApp.app */;
			productType = "com.apple.product-type.application";
		};
/* End PBXNativeTarget section */

/* Begin PBXProject section */
		D18B0F3A2A4A0CAA008E93F4 /* Project object */ = {
			isa = PBXProject;
			attributes = {
				BuildIndependentTargetsInParallel = 1;
				LastSwiftUpdateCheck = 1430;
				LastUpgradeCheck = 1430;
				TargetAttributes = {
					D18B0F412A4A0CAA008E93F4 = {
						CreatedOnToolsVersion = 14.3.1;
					};
				};
			};
			buildConfigurationList = D18B0F3D2A4A0CAA008E93F4 /* Build configuration list for PBXProject "LoginApp" */;
			compatibilityVersion = "Xcode 14.0";
			developmentRegion = en;
			hasScannedForEncodings = 0;
			knownRegions = (
				en,
				Base,
			);
			mainGroup = D18B0F392A4A0CAA008E93F4;
			productRefGroup = D18B0F432A4A0CAA008E93F4 /* Products */;
			projectDirPath = "";
			projectRoot = "";
			targets = (
				D18B0F412A4A0CAA008E93F4 /* LoginApp */,
			);
		};
/* End PBXProject section */

/* Begin PBXResourcesBuildPhase section */
		D18B0F402A4A0CAA008E93F4 /* Resources */ = {
			isa = PBXResourcesBuildPhase;
			buildActionMask = 2147483647;
			files = (
				D18B0F522A4A0CB0008E93F4 /* LaunchScreen.storyboard in Resources */,
				D18B0F4F2A4A0CB0008E93F4 /* Assets.xcassets in Resources */,
				D18B0F4D2A4A0CAA008E93F4 /* Main.storyboard in Resources */,
			);
			runOnlyForDeploymentPostprocessing = 0;
		};
/* End PBXResourcesBuildPhase section */

/* Begin PBXSourcesBuildPhase section */
		D18B0F3E2A4A0CAA008E93F4 /* Sources */ = {
			isa = PBXSourcesBuildPhase;
			buildActionMask = 2147483647;
			files = (
				D18B0F4A2A4A0CAA008E93F4 /* FirstView.swift in Sources */,
				D18B0F462A4A0CAA008E93F4 /* AppDelegate.swift in Sources */,
				D1CB05472A4B705F00415C87 /* ResetLoginView.swift in Sources */,
				D18B0F482A4A0CAA008E93F4 /* SceneDelegate.swift in Sources */,
				D1CB05492A4B707900415C87 /* ProfileView.swift in Sources */,
				D1CB05452A4B704500415C87 /* ForgottenLoginView.swift in Sources */,
			);
			runOnlyForDeploymentPostprocessing = 0;
		};
/* End PBXSourcesBuildPhase section */

/* Begin PBXVariantGroup section */
		D18B0F4B2A4A0CAA008E93F4 /* Main.storyboard */ = {
			isa = PBXVariantGroup;
			children = (
				D18B0F4C2A4A0CAA008E93F4 /* Base */,
			);
			name = Main.storyboard;
			sourceTree = "<group>";
		};
		D18B0F502A4A0CB0008E93F4 /* LaunchScreen.storyboard */ = {
			isa = PBXVariantGroup;
			children = (
				D18B0F512A4A0CB0008E93F4 /* Base */,
			);
			name = LaunchScreen.storyboard;
			sourceTree = "<group>";
		};
/* End PBXVariantGroup section */

/* Begin XCBuildConfiguration section */
		D18B0F542A4A0CB0008E93F4 /* Debug */ = {
			isa = XCBuildConfiguration;
			buildSettings = {
				ALWAYS_SEARCH_USER_PATHS = NO;
				CLANG_ANALYZER_NONNULL = YES;
				CLANG_ANALYZER_NUMBER_OBJECT_CONVERSION = YES_AGGRESSIVE;
				CLANG_CXX_LANGUAGE_STANDARD = "gnu++20";
				CLANG_ENABLE_MODULES = YES;
				CLANG_ENABLE_OBJC_ARC = YES;
				CLANG_ENABLE_OBJC_WEAK = YES;
				CLANG_WARN_BLOCK_CAPTURE_AUTORELEASING = YES;
				CLANG_WARN_BOOL_CONVERSION = YES;
				CLANG_WARN_COMMA = YES;
				CLANG_WARN_CONSTANT_CONVERSION = YES;
				CLANG_WARN_DEPRECATED_OBJC_IMPLEMENTATIONS = YES;
				CLANG_WARN_DIRECT_OBJC_ISA_USAGE = YES_ERROR;
				CLANG_WARN_DOCUMENTATION_COMMENTS = YES;
				CLANG_WARN_EMPTY_BODY = YES;
				CLANG_WARN_ENUM_CONVERSION = YES;
				CLANG_WARN_INFINITE_RECURSION = YES;
				CLANG_WARN_INT_CONVERSION = YES;
				CLANG_WARN_NON_LITERAL_NULL_CONVERSION = YES;
				CLANG_WARN_OBJC_IMPLICIT_RETAIN_SELF = YES;
				CLANG_WARN_OBJC_LITERAL_CONVERSION = YES;
				CLANG_WARN_OBJC_ROOT_CLASS = YES_ERROR;
				CLANG_WARN_QUOTED_INCLUDE_IN_FRAMEWORK_HEADER = YES;
				CLANG_WARN_RANGE_LOOP_ANALYSIS = YES;
				CLANG_WARN_STRICT_PROTOTYPES = YES;
				CLANG_WARN_SUSPICIOUS_MOVE = YES;
				CLANG_WARN_UNGUARDED_AVAILABILITY = YES_AGGRESSIVE;
				CLANG_WARN_UNREACHABLE_CODE = YES;
				CLANG_WARN__DUPLICATE_METHOD_MATCH = YES;
				COPY_PHASE_STRIP = NO;
				DEBUG_INFORMATION_FORMAT = dwarf;
				ENABLE_STRICT_OBJC_MSGSEND = YES;
				ENABLE_TESTABILITY = YES;
				GCC_C_LANGUAGE_STANDARD = gnu11;
				GCC_DYNAMIC_NO_PIC = NO;
				GCC_NO_COMMON_BLOCKS = YES;
				GCC_OPTIMIZATION_LEVEL = 0;
				GCC_PREPROCESSOR_DEFINITIONS = (
					"DEBUG=1",
					"$(inherited)",
				);
				GCC_WARN_64_TO_32_BIT_CONVERSION = YES;
				GCC_WARN_ABOUT_RETURN_TYPE = YES_ERROR;
				GCC_WARN_UNDECLARED_SELECTOR = YES;
				GCC_WARN_UNINITIALIZED_AUTOS = YES_AGGRESSIVE;
				GCC_WARN_UNUSED_FUNCTION = YES;
				GCC_WARN_UNUSED_VARIABLE = YES;
				IPHONEOS_DEPLOYMENT_TARGET = 16.4;
				MTL_ENABLE_DEBUG_INFO = INCLUDE_SOURCE;
				MTL_FAST_MATH = YES;
				ONLY_ACTIVE_ARCH = YES;
				SDKROOT = iphoneos;
				SWIFT_ACTIVE_COMPILATION_CONDITIONS = DEBUG;
				SWIFT_OPTIMIZATION_LEVEL = "-Onone";
			};
			name = Debug;
		};
		D18B0F552A4A0CB0008E93F4 /* Release */ = {
			isa = XCBuildConfiguration;
			buildSettings = {
				ALWAYS_SEARCH_USER_PATHS = NO;
				CLANG_ANALYZER_NONNULL = YES;
				CLANG_ANALYZER_NUMBER_OBJECT_CONVERSION = YES_AGGRESSIVE;
				CLANG_CXX_LANGUAGE_STANDARD = "gnu++20";
				CLANG_ENABLE_MODULES = YES;
				CLANG_ENABLE_OBJC_ARC = YES;
				CLANG_ENABLE_OBJC_WEAK = YES;
				CLANG_WARN_BLOCK_CAPTURE_AUTORELEASING = YES;
				CLANG_WARN_BOOL_CONVERSION = YES;
				CLANG_WARN_COMMA = YES;
				CLANG_WARN_CONSTANT_CONVERSION = YES;
				CLANG_WARN_DEPRECATED_OBJC_IMPLEMENTATIONS = YES;
				CLANG_WARN_DIRECT_OBJC_ISA_USAGE = YES_ERROR;
				CLANG_WARN_DOCUMENTATION_COMMENTS = YES;
				CLANG_WARN_EMPTY_BODY = YES;
				CLANG_WARN_ENUM_CONVERSION = YES;
				CLANG_WARN_INFINITE_RECURSION = YES;
				CLANG_WARN_INT_CONVERSION = YES;
				CLANG_WARN_NON_LITERAL_NULL_CONVERSION = YES;
				CLANG_WARN_OBJC_IMPLICIT_RETAIN_SELF = YES;
				CLANG_WARN_OBJC_LITERAL_CONVERSION = YES;
				CLANG_WARN_OBJC_ROOT_CLASS = YES_ERROR;
				CLANG_WARN_QUOTED_INCLUDE_IN_FRAMEWORK_HEADER = YES;
				CLANG_WARN_RANGE_LOOP_ANALYSIS = YES;
				CLANG_WARN_STRICT_PROTOTYPES = YES;
				CLANG_WARN_SUSPICIOUS_MOVE = YES;
				CLANG_WARN_UNGUARDED_AVAILABILITY = YES_AGGRESSIVE;
				CLANG_WARN_UNREACHABLE_CODE = YES;
				CLANG_WARN__DUPLICATE_METHOD_MATCH = YES;
				COPY_PHASE_STRIP = NO;
				DEBUG_INFORMATION_FORMAT = "dwarf-with-dsym";
				ENABLE_NS_ASSERTIONS = NO;
				ENABLE_STRICT_OBJC_MSGSEND = YES;
				GCC_C_LANGUAGE_STANDARD = gnu11;
				GCC_NO_COMMON_BLOCKS = YES;
				GCC_WARN_64_TO_32_BIT_CONVERSION = YES;
				GCC_WARN_ABOUT_RETURN_TYPE = YES_ERROR;
				GCC_WARN_UNDECLARED_SELECTOR = YES;
				GCC_WARN_UNINITIALIZED_AUTOS = YES_AGGRESSIVE;
				GCC_WARN_UNUSED_FUNCTION = YES;
				GCC_WARN_UNUSED_VARIABLE = YES;
				IPHONEOS_DEPLOYMENT_TARGET = 16.4;
				MTL_ENABLE_DEBUG_INFO = NO;
				MTL_FAST_MATH = YES;
				SDKROOT = iphoneos;
				SWIFT_COMPILATION_MODE = wholemodule;
				SWIFT_OPTIMIZATION_LEVEL = "-O";
				VALIDATE_PRODUCT = YES;
			};
			name = Release;
		};
		D18B0F572A4A0CB0008E93F4 /* Debug */ = {
			isa = XCBuildConfiguration;
			buildSettings = {
				ASSETCATALOG_COMPILER_APPICON_NAME = AppIcon;
				ASSETCATALOG_COMPILER_GLOBAL_ACCENT_COLOR_NAME = AccentColor;
				CODE_SIGN_STYLE = Automatic;
				CURRENT_PROJECT_VERSION = 1;
				DEVELOPMENT_TEAM = 64R8G8Z837;
				GENERATE_INFOPLIST_FILE = YES;
				INFOPLIST_FILE = LoginApp/SupportingFiles/Info.plist;
				INFOPLIST_KEY_UIApplicationSupportsIndirectInputEvents = YES;
				INFOPLIST_KEY_UILaunchStoryboardName = LaunchScreen;
				INFOPLIST_KEY_UIMainStoryboardFile = Main;
				INFOPLIST_KEY_UISupportedInterfaceOrientations = UIInterfaceOrientationPortrait;
				INFOPLIST_KEY_UISupportedInterfaceOrientations_iPad = "UIInterfaceOrientationLandscapeLeft UIInterfaceOrientationLandscapeRight UIInterfaceOrientationPortrait UIInterfaceOrientationPortraitUpsideDown";
				LD_RUNPATH_SEARCH_PATHS = (
					"$(inherited)",
					"@executable_path/Frameworks",
				);
				MARKETING_VERSION = 1.0;
				PRODUCT_BUNDLE_IDENTIFIER = RSusanna.LoginApp;
				PRODUCT_NAME = "$(TARGET_NAME)";
				SUPPORTED_PLATFORMS = "iphoneos iphonesimulator";
				SUPPORTS_MACCATALYST = NO;
				SUPPORTS_MAC_DESIGNED_FOR_IPHONE_IPAD = YES;
				SWIFT_EMIT_LOC_STRINGS = YES;
				SWIFT_VERSION = 5.0;
				TARGETED_DEVICE_FAMILY = 1;
			};
			name = Debug;
		};
		D18B0F582A4A0CB0008E93F4 /* Release */ = {
			isa = XCBuildConfiguration;
			buildSettings = {
				ASSETCATALOG_COMPILER_APPICON_NAME = AppIcon;
				ASSETCATALOG_COMPILER_GLOBAL_ACCENT_COLOR_NAME = AccentColor;
				CODE_SIGN_STYLE = Automatic;
				CURRENT_PROJECT_VERSION = 1;
				DEVELOPMENT_TEAM = 64R8G8Z837;
				GENERATE_INFOPLIST_FILE = YES;
				INFOPLIST_FILE = LoginApp/SupportingFiles/Info.plist;
				INFOPLIST_KEY_UIApplicationSupportsIndirectInputEvents = YES;
				INFOPLIST_KEY_UILaunchStoryboardName = LaunchScreen;
				INFOPLIST_KEY_UIMainStoryboardFile = Main;
				INFOPLIST_KEY_UISupportedInterfaceOrientations = UIInterfaceOrientationPortrait;
				INFOPLIST_KEY_UISupportedInterfaceOrientations_iPad = "UIInterfaceOrientationLandscapeLeft UIInterfaceOrientationLandscapeRight UIInterfaceOrientationPortrait UIInterfaceOrientationPortraitUpsideDown";
				LD_RUNPATH_SEARCH_PATHS = (
					"$(inherited)",
					"@executable_path/Frameworks",
				);
				MARKETING_VERSION = 1.0;
				PRODUCT_BUNDLE_IDENTIFIER = RSusanna.LoginApp;
				PRODUCT_NAME = "$(TARGET_NAME)";
				SUPPORTED_PLATFORMS = "iphoneos iphonesimulator";
				SUPPORTS_MACCATALYST = NO;
				SUPPORTS_MAC_DESIGNED_FOR_IPHONE_IPAD = YES;
				SWIFT_EMIT_LOC_STRINGS = YES;
				SWIFT_VERSION = 5.0;
				TARGETED_DEVICE_FAMILY = 1;
			};
			name = Release;
		};
/* End XCBuildConfiguration section */

/* Begin XCConfigurationList section */
		D18B0F3D2A4A0CAA008E93F4 /* Build configuration list for PBXProject "LoginApp" */ = {
			isa = XCConfigurationList;
			buildConfigurations = (
				D18B0F542A4A0CB0008E93F4 /* Debug */,
				D18B0F552A4A0CB0008E93F4 /* Release */,
			);
			defaultConfigurationIsVisible = 0;
			defaultConfigurationName = Release;
		};
		D18B0F562A4A0CB0008E93F4 /* Build configuration list for PBXNativeTarget "LoginApp" */ = {
			isa = XCConfigurationList;
			buildConfigurations = (
				D18B0F572A4A0CB0008E93F4 /* Debug */,
				D18B0F582A4A0CB0008E93F4 /* Release */,
			);
			defaultConfigurationIsVisible = 0;
			defaultConfigurationName = Release;
		};
/* End XCConfigurationList section */
	};
	rootObject = D18B0F3A2A4A0CAA008E93F4 /* Project object */;
}
